// !$*UTF8*$!
{
	archiveVersion = 1;
	classes = {
	};
	objectVersion = 55;
	objects = {

/* Begin PBXBuildFile section */
		17F3FC54287F0DF200A5248E /* AppDelegate.swift in Sources */ = {isa = PBXBuildFile; fileRef = 17F3FC53287F0DF200A5248E /* AppDelegate.swift */; };
		17F3FC56287F0DF200A5248E /* SceneDelegate.swift in Sources */ = {isa = PBXBuildFile; fileRef = 17F3FC55287F0DF200A5248E /* SceneDelegate.swift */; };
		17F3FC58287F0DF200A5248E /* ViewController.swift in Sources */ = {isa = PBXBuildFile; fileRef = 17F3FC57287F0DF200A5248E /* ViewController.swift */; };
		17F3FC5B287F0DF200A5248E /* Main.storyboard in Resources */ = {isa = PBXBuildFile; fileRef = 17F3FC59287F0DF200A5248E /* Main.storyboard */; };
		17F3FC5E287F0DF200A5248E /* testApp.xcdatamodeld in Sources */ = {isa = PBXBuildFile; fileRef = 17F3FC5C287F0DF200A5248E /* testApp.xcdatamodeld */; };
		17F3FC60287F0DF400A5248E /* Assets.xcassets in Resources */ = {isa = PBXBuildFile; fileRef = 17F3FC5F287F0DF400A5248E /* Assets.xcassets */; };
		17F3FC63287F0DF400A5248E /* LaunchScreen.storyboard in Resources */ = {isa = PBXBuildFile; fileRef = 17F3FC61287F0DF400A5248E /* LaunchScreen.storyboard */; };
		17F3FC6E287F0DF400A5248E /* testAppTests.swift in Sources */ = {isa = PBXBuildFile; fileRef = 17F3FC6D287F0DF400A5248E /* testAppTests.swift */; };
		17F3FC78287F0DF400A5248E /* testAppUITests.swift in Sources */ = {isa = PBXBuildFile; fileRef = 17F3FC77287F0DF400A5248E /* testAppUITests.swift */; };
		17F3FC7A287F0DF400A5248E /* testAppUITestsLaunchTests.swift in Sources */ = {isa = PBXBuildFile; fileRef = 17F3FC79287F0DF400A5248E /* testAppUITestsLaunchTests.swift */; };
/* End PBXBuildFile section */

/* Begin PBXContainerItemProxy section */
		17F3FC6A287F0DF400A5248E /* PBXContainerItemProxy */ = {
			isa = PBXContainerItemProxy;
			containerPortal = 17F3FC48287F0DF200A5248E /* Project object */;
			proxyType = 1;
			remoteGlobalIDString = 17F3FC4F287F0DF200A5248E;
			remoteInfo = testApp;
		};
		17F3FC74287F0DF400A5248E /* PBXContainerItemProxy */ = {
			isa = PBXContainerItemProxy;
			containerPortal = 17F3FC48287F0DF200A5248E /* Project object */;
			proxyType = 1;
			remoteGlobalIDString = 17F3FC4F287F0DF200A5248E;
			remoteInfo = testApp;
		};
/* End PBXContainerItemProxy section */

/* Begin PBXFileReference section */
		17F3FC50287F0DF200A5248E /* testApp.app */ = {isa = PBXFileReference; explicitFileType = wrapper.application; includeInIndex = 0; path = testApp.app; sourceTree = BUILT_PRODUCTS_DIR; };
		17F3FC53287F0DF200A5248E /* AppDelegate.swift */ = {isa = PBXFileReference; lastKnownFileType = sourcecode.swift; path = AppDelegate.swift; sourceTree = "<group>"; };
		17F3FC55287F0DF200A5248E /* SceneDelegate.swift */ = {isa = PBXFileReference; lastKnownFileType = sourcecode.swift; path = SceneDelegate.swift; sourceTree = "<group>"; };
		17F3FC57287F0DF200A5248E /* ViewController.swift */ = {isa = PBXFileReference; lastKnownFileType = sourcecode.swift; path = ViewController.swift; sourceTree = "<group>"; };
		17F3FC5A287F0DF200A5248E /* Base */ = {isa = PBXFileReference; lastKnownFileType = file.storyboard; name = Base; path = Base.lproj/Main.storyboard; sourceTree = "<group>"; };
		17F3FC5D287F0DF200A5248E /* testApp.xcdatamodel */ = {isa = PBXFileReference; lastKnownFileType = wrapper.xcdatamodel; path = testApp.xcdatamodel; sourceTree = "<group>"; };
		17F3FC5F287F0DF400A5248E /* Assets.xcassets */ = {isa = PBXFileReference; lastKnownFileType = folder.assetcatalog; path = Assets.xcassets; sourceTree = "<group>"; };
		17F3FC62287F0DF400A5248E /* Base */ = {isa = PBXFileReference; lastKnownFileType = file.storyboard; name = Base; path = Base.lproj/LaunchScreen.storyboard; sourceTree = "<group>"; };
		17F3FC64287F0DF400A5248E /* Info.plist */ = {isa = PBXFileReference; lastKnownFileType = text.plist.xml; path = Info.plist; sourceTree = "<group>"; };
		17F3FC69287F0DF400A5248E /* testAppTests.xctest */ = {isa = PBXFileReference; explicitFileType = wrapper.cfbundle; includeInIndex = 0; path = testAppTests.xctest; sourceTree = BUILT_PRODUCTS_DIR; };
		17F3FC6D287F0DF400A5248E /* testAppTests.swift */ = {isa = PBXFileReference; lastKnownFileType = sourcecode.swift; path = testAppTests.swift; sourceTree = "<group>"; };
		17F3FC73287F0DF400A5248E /* testAppUITests.xctest */ = {isa = PBXFileReference; explicitFileType = wrapper.cfbundle; includeInIndex = 0; path = testAppUITests.xctest; sourceTree = BUILT_PRODUCTS_DIR; };
		17F3FC77287F0DF400A5248E /* testAppUITests.swift */ = {isa = PBXFileReference; lastKnownFileType = sourcecode.swift; path = testAppUITests.swift; sourceTree = "<group>"; };
		17F3FC79287F0DF400A5248E /* testAppUITestsLaunchTests.swift */ = {isa = PBXFileReference; lastKnownFileType = sourcecode.swift; path = testAppUITestsLaunchTests.swift; sourceTree = "<group>"; };
/* End PBXFileReference section */

/* Begin PBXFrameworksBuildPhase section */
		17F3FC4D287F0DF200A5248E /* Frameworks */ = {
			isa = PBXFrameworksBuildPhase;
			buildActionMask = 2147483647;
			files = (
			);
			runOnlyForDeploymentPostprocessing = 0;
		};
		17F3FC66287F0DF400A5248E /* Frameworks */ = {
			isa = PBXFrameworksBuildPhase;
			buildActionMask = 2147483647;
			files = (
			);
			runOnlyForDeploymentPostprocessing = 0;
		};
		17F3FC70287F0DF400A5248E /* Frameworks */ = {
			isa = PBXFrameworksBuildPhase;
			buildActionMask = 2147483647;
			files = (
			);
			runOnlyForDeploymentPostprocessing = 0;
		};
/* End PBXFrameworksBuildPhase section */

/* Begin PBXGroup section */
		17F3FC47287F0DF200A5248E = {
			isa = PBXGroup;
			children = (
				17F3FC52287F0DF200A5248E /* testApp */,
				17F3FC6C287F0DF400A5248E /* testAppTests */,
				17F3FC76287F0DF400A5248E /* testAppUITests */,
				17F3FC51287F0DF200A5248E /* Products */,
			);
			sourceTree = "<group>";
		};
		17F3FC51287F0DF200A5248E /* Products */ = {
			isa = PBXGroup;
			children = (
				17F3FC50287F0DF200A5248E /* testApp.app */,
				17F3FC69287F0DF400A5248E /* testAppTests.xctest */,
				17F3FC73287F0DF400A5248E /* testAppUITests.xctest */,
			);
			name = Products;
			sourceTree = "<group>";
		};
		17F3FC52287F0DF200A5248E /* testApp */ = {
			isa = PBXGroup;
			children = (
				17F3FC53287F0DF200A5248E /* AppDelegate.swift */,
				17F3FC55287F0DF200A5248E /* SceneDelegate.swift */,
				17F3FC57287F0DF200A5248E /* ViewController.swift */,
				17F3FC59287F0DF200A5248E /* Main.storyboard */,
				17F3FC5F287F0DF400A5248E /* Assets.xcassets */,
				17F3FC61287F0DF400A5248E /* LaunchScreen.storyboard */,
				17F3FC64287F0DF400A5248E /* Info.plist */,
				17F3FC5C287F0DF200A5248E /* testApp.xcdatamodeld */,
			);
			path = testApp;
			sourceTree = "<group>";
		};
		17F3FC6C287F0DF400A5248E /* testAppTests */ = {
			isa = PBXGroup;
			children = (
				17F3FC6D287F0DF400A5248E /* testAppTests.swift */,
			);
			path = testAppTests;
			sourceTree = "<group>";
		};
		17F3FC76287F0DF400A5248E /* testAppUITests */ = {
			isa = PBXGroup;
			children = (
				17F3FC77287F0DF400A5248E /* testAppUITests.swift */,
				17F3FC79287F0DF400A5248E /* testAppUITestsLaunchTests.swift */,
			);
			path = testAppUITests;
			sourceTree = "<group>";
		};
/* End PBXGroup section */

/* Begin PBXNativeTarget section */
		17F3FC4F287F0DF200A5248E /* testApp */ = {
			isa = PBXNativeTarget;
			buildConfigurationList = 17F3FC7D287F0DF400A5248E /* Build configuration list for PBXNativeTarget "testApp" */;
			buildPhases = (
				17F3FC4C287F0DF200A5248E /* Sources */,
				17F3FC4D287F0DF200A5248E /* Frameworks */,
				17F3FC4E287F0DF200A5248E /* Resources */,
			);
			buildRules = (
			);
			dependencies = (
			);
			name = testApp;
			productName = testApp;
			productReference = 17F3FC50287F0DF200A5248E /* testApp.app */;
			productType = "com.apple.product-type.application";
		};
		17F3FC68287F0DF400A5248E /* testAppTests */ = {
			isa = PBXNativeTarget;
			buildConfigurationList = 17F3FC80287F0DF400A5248E /* Build configuration list for PBXNativeTarget "testAppTests" */;
			buildPhases = (
				17F3FC65287F0DF400A5248E /* Sources */,
				17F3FC66287F0DF400A5248E /* Frameworks */,
				17F3FC67287F0DF400A5248E /* Resources */,
			);
			buildRules = (
			);
			dependencies = (
				17F3FC6B287F0DF400A5248E /* PBXTargetDependency */,
			);
			name = testAppTests;
			productName = testAppTests;
			productReference = 17F3FC69287F0DF400A5248E /* testAppTests.xctest */;
			productType = "com.apple.product-type.bundle.unit-test";
		};
		17F3FC72287F0DF400A5248E /* testAppUITests */ = {
			isa = PBXNativeTarget;
			buildConfigurationList = 17F3FC83287F0DF400A5248E /* Build configuration list for PBXNativeTarget "testAppUITests" */;
			buildPhases = (
				17F3FC6F287F0DF400A5248E /* Sources */,
				17F3FC70287F0DF400A5248E /* Frameworks */,
				17F3FC71287F0DF400A5248E /* Resources */,
			);
			buildRules = (
			);
			dependencies = (
				17F3FC75287F0DF400A5248E /* PBXTargetDependency */,
			);
			name = testAppUITests;
			productName = testAppUITests;
			productReference = 17F3FC73287F0DF400A5248E /* testAppUITests.xctest */;
			productType = "com.apple.product-type.bundle.ui-testing";
		};
/* End PBXNativeTarget section */

/* Begin PBXProject section */
		17F3FC48287F0DF200A5248E /* Project object */ = {
			isa = PBXProject;
			attributes = {
				BuildIndependentTargetsInParallel = 1;
				LastSwiftUpdateCheck = 1340;
				LastUpgradeCheck = 1340;
				TargetAttributes = {
					17F3FC4F287F0DF200A5248E = {
						CreatedOnToolsVersion = 13.4;
					};
					17F3FC68287F0DF400A5248E = {
						CreatedOnToolsVersion = 13.4;
						TestTargetID = 17F3FC4F287F0DF200A5248E;
					};
					17F3FC72287F0DF400A5248E = {
						CreatedOnToolsVersion = 13.4;
						TestTargetID = 17F3FC4F287F0DF200A5248E;
					};
				};
			};
			buildConfigurationList = 17F3FC4B287F0DF200A5248E /* Build configuration list for PBXProject "testApp" */;
			compatibilityVersion = "Xcode 13.0";
			developmentRegion = en;
			hasScannedForEncodings = 0;
			knownRegions = (
				en,
				Base,
			);
			mainGroup = 17F3FC47287F0DF200A5248E;
			productRefGroup = 17F3FC51287F0DF200A5248E /* Products */;
			projectDirPath = "";
			projectRoot = "";
			targets = (
				17F3FC4F287F0DF200A5248E /* testApp */,
				17F3FC68287F0DF400A5248E /* testAppTests */,
				17F3FC72287F0DF400A5248E /* testAppUITests */,
			);
		};
/* End PBXProject section */

/* Begin PBXResourcesBuildPhase section */
		17F3FC4E287F0DF200A5248E /* Resources */ = {
			isa = PBXResourcesBuildPhase;
			buildActionMask = 2147483647;
			files = (
				17F3FC63287F0DF400A5248E /* LaunchScreen.storyboard in Resources */,
				17F3FC60287F0DF400A5248E /* Assets.xcassets in Resources */,
				17F3FC5B287F0DF200A5248E /* Main.storyboard in Resources */,
			);
			runOnlyForDeploymentPostprocessing = 0;
		};
		17F3FC67287F0DF400A5248E /* Resources */ = {
			isa = PBXResourcesBuildPhase;
			buildActionMask = 2147483647;
			files = (
			);
			runOnlyForDeploymentPostprocessing = 0;
		};
		17F3FC71287F0DF400A5248E /* Resources */ = {
			isa = PBXResourcesBuildPhase;
			buildActionMask = 2147483647;
			files = (
			);
			runOnlyForDeploymentPostprocessing = 0;
		};
/* End PBXResourcesBuildPhase section */

/* Begin PBXSourcesBuildPhase section */
		17F3FC4C287F0DF200A5248E /* Sources */ = {
			isa = PBXSourcesBuildPhase;
			buildActionMask = 2147483647;
			files = (
				17F3FC58287F0DF200A5248E /* ViewController.swift in Sources */,
				17F3FC5E287F0DF200A5248E /* testApp.xcdatamodeld in Sources */,
				17F3FC54287F0DF200A5248E /* AppDelegate.swift in Sources */,
				17F3FC56287F0DF200A5248E /* SceneDelegate.swift in Sources */,
			);
			runOnlyForDeploymentPostprocessing = 0;
		};
		17F3FC65287F0DF400A5248E /* Sources */ = {
			isa = PBXSourcesBuildPhase;
			buildActionMask = 2147483647;
			files = (
				17F3FC6E287F0DF400A5248E /* testAppTests.swift in Sources */,
			);
			runOnlyForDeploymentPostprocessing = 0;
		};
		17F3FC6F287F0DF400A5248E /* Sources */ = {
			isa = PBXSourcesBuildPhase;
			buildActionMask = 2147483647;
			files = (
				17F3FC7A287F0DF400A5248E /* testAppUITestsLaunchTests.swift in Sources */,
				17F3FC78287F0DF400A5248E /* testAppUITests.swift in Sources */,
			);
			runOnlyForDeploymentPostprocessing = 0;
		};
/* End PBXSourcesBuildPhase section */

/* Begin PBXTargetDependency section */
		17F3FC6B287F0DF400A5248E /* PBXTargetDependency */ = {
			isa = PBXTargetDependency;
			target = 17F3FC4F287F0DF200A5248E /* testApp */;
			targetProxy = 17F3FC6A287F0DF400A5248E /* PBXContainerItemProxy */;
		};
		17F3FC75287F0DF400A5248E /* PBXTargetDependency */ = {
			isa = PBXTargetDependency;
			target = 17F3FC4F287F0DF200A5248E /* testApp */;
			targetProxy = 17F3FC74287F0DF400A5248E /* PBXContainerItemProxy */;
		};
/* End PBXTargetDependency section */

/* Begin PBXVariantGroup section */
		17F3FC59287F0DF200A5248E /* Main.storyboard */ = {
			isa = PBXVariantGroup;
			children = (
				17F3FC5A287F0DF200A5248E /* Base */,
			);
			name = Main.storyboard;
			sourceTree = "<group>";
		};
		17F3FC61287F0DF400A5248E /* LaunchScreen.storyboard */ = {
			isa = PBXVariantGroup;
			children = (
				17F3FC62287F0DF400A5248E /* Base */,
			);
			name = LaunchScreen.storyboard;
			sourceTree = "<group>";
		};
/* End PBXVariantGroup section */

/* Begin XCBuildConfiguration section */
		17F3FC7B287F0DF400A5248E /* Debug */ = {
			isa = XCBuildConfiguration;
			buildSettings = {
				ALWAYS_SEARCH_USER_PATHS = NO;
				CLANG_ANALYZER_NONNULL = YES;
				CLANG_ANALYZER_NUMBER_OBJECT_CONVERSION = YES_AGGRESSIVE;
				CLANG_CXX_LANGUAGE_STANDARD = "gnu++17";
				CLANG_ENABLE_MODULES = YES;
				CLANG_ENABLE_OBJC_ARC = YES;
				CLANG_ENABLE_OBJC_WEAK = YES;
				CLANG_WARN_BLOCK_CAPTURE_AUTORELEASING = YES;
				CLANG_WARN_BOOL_CONVERSION = YES;
				CLANG_WARN_COMMA = YES;
				CLANG_WARN_CONSTANT_CONVERSION = YES;
				CLANG_WARN_DEPRECATED_OBJC_IMPLEMENTATIONS = YES;
				CLANG_WARN_DIRECT_OBJC_ISA_USAGE = YES_ERROR;
				CLANG_WARN_DOCUMENTATION_COMMENTS = YES;
				CLANG_WARN_EMPTY_BODY = YES;
				CLANG_WARN_ENUM_CONVERSION = YES;
				CLANG_WARN_INFINITE_RECURSION = YES;
				CLANG_WARN_INT_CONVERSION = YES;
				CLANG_WARN_NON_LITERAL_NULL_CONVERSION = YES;
				CLANG_WARN_OBJC_IMPLICIT_RETAIN_SELF = YES;
				CLANG_WARN_OBJC_LITERAL_CONVERSION = YES;
				CLANG_WARN_OBJC_ROOT_CLASS = YES_ERROR;
				CLANG_WARN_QUOTED_INCLUDE_IN_FRAMEWORK_HEADER = YES;
				CLANG_WARN_RANGE_LOOP_ANALYSIS = YES;
				CLANG_WARN_STRICT_PROTOTYPES = YES;
				CLANG_WARN_SUSPICIOUS_MOVE = YES;
				CLANG_WARN_UNGUARDED_AVAILABILITY = YES_AGGRESSIVE;
				CLANG_WARN_UNREACHABLE_CODE = YES;
				CLANG_WARN__DUPLICATE_METHOD_MATCH = YES;
				COPY_PHASE_STRIP = NO;
				DEBUG_INFORMATION_FORMAT = dwarf;
				ENABLE_STRICT_OBJC_MSGSEND = YES;
				ENABLE_TESTABILITY = YES;
				GCC_C_LANGUAGE_STANDARD = gnu11;
				GCC_DYNAMIC_NO_PIC = NO;
				GCC_NO_COMMON_BLOCKS = YES;
				GCC_OPTIMIZATION_LEVEL = 0;
				GCC_PREPROCESSOR_DEFINITIONS = (
					"DEBUG=1",
					"$(inherited)",
				);
				GCC_WARN_64_TO_32_BIT_CONVERSION = YES;
				GCC_WARN_ABOUT_RETURN_TYPE = YES_ERROR;
				GCC_WARN_UNDECLARED_SELECTOR = YES;
				GCC_WARN_UNINITIALIZED_AUTOS = YES_AGGRESSIVE;
				GCC_WARN_UNUSED_FUNCTION = YES;
				GCC_WARN_UNUSED_VARIABLE = YES;
				IPHONEOS_DEPLOYMENT_TARGET = 15.5;
				MTL_ENABLE_DEBUG_INFO = INCLUDE_SOURCE;
				MTL_FAST_MATH = YES;
				ONLY_ACTIVE_ARCH = YES;
				SDKROOT = iphoneos;
				SWIFT_ACTIVE_COMPILATION_CONDITIONS = DEBUG;
				SWIFT_OPTIMIZATION_LEVEL = "-Onone";
			};
			name = Debug;
		};
		17F3FC7C287F0DF400A5248E /* Release */ = {
			isa = XCBuildConfiguration;
			buildSettings = {
				ALWAYS_SEARCH_USER_PATHS = NO;
				CLANG_ANALYZER_NONNULL = YES;
				CLANG_ANALYZER_NUMBER_OBJECT_CONVERSION = YES_AGGRESSIVE;
				CLANG_CXX_LANGUAGE_STANDARD = "gnu++17";
				CLANG_ENABLE_MODULES = YES;
				CLANG_ENABLE_OBJC_ARC = YES;
				CLANG_ENABLE_OBJC_WEAK = YES;
				CLANG_WARN_BLOCK_CAPTURE_AUTORELEASING = YES;
				CLANG_WARN_BOOL_CONVERSION = YES;
				CLANG_WARN_COMMA = YES;
				CLANG_WARN_CONSTANT_CONVERSION = YES;
				CLANG_WARN_DEPRECATED_OBJC_IMPLEMENTATIONS = YES;
				CLANG_WARN_DIRECT_OBJC_ISA_USAGE = YES_ERROR;
				CLANG_WARN_DOCUMENTATION_COMMENTS = YES;
				CLANG_WARN_EMPTY_BODY = YES;
				CLANG_WARN_ENUM_CONVERSION = YES;
				CLANG_WARN_INFINITE_RECURSION = YES;
				CLANG_WARN_INT_CONVERSION = YES;
				CLANG_WARN_NON_LITERAL_NULL_CONVERSION = YES;
				CLANG_WARN_OBJC_IMPLICIT_RETAIN_SELF = YES;
				CLANG_WARN_OBJC_LITERAL_CONVERSION = YES;
				CLANG_WARN_OBJC_ROOT_CLASS = YES_ERROR;
				CLANG_WARN_QUOTED_INCLUDE_IN_FRAMEWORK_HEADER = YES;
				CLANG_WARN_RANGE_LOOP_ANALYSIS = YES;
				CLANG_WARN_STRICT_PROTOTYPES = YES;
				CLANG_WARN_SUSPICIOUS_MOVE = YES;
				CLANG_WARN_UNGUARDED_AVAILABILITY = YES_AGGRESSIVE;
				CLANG_WARN_UNREACHABLE_CODE = YES;
				CLANG_WARN__DUPLICATE_METHOD_MATCH = YES;
				COPY_PHASE_STRIP = NO;
				DEBUG_INFORMATION_FORMAT = "dwarf-with-dsym";
				ENABLE_NS_ASSERTIONS = NO;
				ENABLE_STRICT_OBJC_MSGSEND = YES;
				GCC_C_LANGUAGE_STANDARD = gnu11;
				GCC_NO_COMMON_BLOCKS = YES;
				GCC_WARN_64_TO_32_BIT_CONVERSION = YES;
				GCC_WARN_ABOUT_RETURN_TYPE = YES_ERROR;
				GCC_WARN_UNDECLARED_SELECTOR = YES;
				GCC_WARN_UNINITIALIZED_AUTOS = YES_AGGRESSIVE;
				GCC_WARN_UNUSED_FUNCTION = YES;
				GCC_WARN_UNUSED_VARIABLE = YES;
				IPHONEOS_DEPLOYMENT_TARGET = 15.5;
				MTL_ENABLE_DEBUG_INFO = NO;
				MTL_FAST_MATH = YES;
				SDKROOT = iphoneos;
				SWIFT_COMPILATION_MODE = wholemodule;
				SWIFT_OPTIMIZATION_LEVEL = "-O";
				VALIDATE_PRODUCT = YES;
			};
			name = Release;
		};
		17F3FC7E287F0DF400A5248E /* Debug */ = {
			isa = XCBuildConfiguration;
			buildSettings = {
				ASSETCATALOG_COMPILER_APPICON_NAME = AppIcon;
				ASSETCATALOG_COMPILER_GLOBAL_ACCENT_COLOR_NAME = AccentColor;
				CODE_SIGN_STYLE = Automatic;
				CURRENT_PROJECT_VERSION = 1;
				DEVELOPMENT_TEAM = 56A4FLT79R;
				GENERATE_INFOPLIST_FILE = YES;
				INFOPLIST_FILE = testApp/Info.plist;
				INFOPLIST_KEY_UIApplicationSupportsIndirectInputEvents = YES;
				INFOPLIST_KEY_UILaunchStoryboardName = LaunchScreen;
				INFOPLIST_KEY_UIMainStoryboardFile = Main;
				INFOPLIST_KEY_UISupportedInterfaceOrientations_iPad = "UIInterfaceOrientationPortrait UIInterfaceOrientationPortraitUpsideDown UIInterfaceOrientationLandscapeLeft UIInterfaceOrientationLandscapeRight";
				INFOPLIST_KEY_UISupportedInterfaceOrientations_iPhone = "UIInterfaceOrientationPortrait UIInterfaceOrientationLandscapeLeft UIInterfaceOrientationLandscapeRight";
				LD_RUNPATH_SEARCH_PATHS = (
					"$(inherited)",
					"@executable_path/Frameworks",
				);
				MARKETING_VERSION = 1.0;
				PRODUCT_BUNDLE_IDENTIFIER = Myapp.testApp;
				PRODUCT_NAME = "$(TARGET_NAME)";
				SWIFT_EMIT_LOC_STRINGS = YES;
				SWIFT_VERSION = 5.0;
				TARGETED_DEVICE_FAMILY = "1,2";
			};
			name = Debug;
		};
		17F3FC7F287F0DF400A5248E /* Release */ = {
			isa = XCBuildConfiguration;
			buildSettings = {
				ASSETCATALOG_COMPILER_APPICON_NAME = AppIcon;
				ASSETCATALOG_COMPILER_GLOBAL_ACCENT_COLOR_NAME = AccentColor;
				CODE_SIGN_STYLE = Automatic;
				CURRENT_PROJECT_VERSION = 1;
				DEVELOPMENT_TEAM = 56A4FLT79R;
				GENERATE_INFOPLIST_FILE = YES;
				INFOPLIST_FILE = testApp/Info.plist;
				INFOPLIST_KEY_UIApplicationSupportsIndirectInputEvents = YES;
				INFOPLIST_KEY_UILaunchStoryboardName = LaunchScreen;
				INFOPLIST_KEY_UIMainStoryboardFile = Main;
				INFOPLIST_KEY_UISupportedInterfaceOrientations_iPad = "UIInterfaceOrientationPortrait UIInterfaceOrientationPortraitUpsideDown UIInterfaceOrientationLandscapeLeft UIInterfaceOrientationLandscapeRight";
				INFOPLIST_KEY_UISupportedInterfaceOrientations_iPhone = "UIInterfaceOrientationPortrait UIInterfaceOrientationLandscapeLeft UIInterfaceOrientationLandscapeRight";
				LD_RUNPATH_SEARCH_PATHS = (
					"$(inherited)",
					"@executable_path/Frameworks",
				);
				MARKETING_VERSION = 1.0;
				PRODUCT_BUNDLE_IDENTIFIER = Myapp.testApp;
				PRODUCT_NAME = "$(TARGET_NAME)";
				SWIFT_EMIT_LOC_STRINGS = YES;
				SWIFT_VERSION = 5.0;
				TARGETED_DEVICE_FAMILY = "1,2";
			};
			name = Release;
		};
		17F3FC81287F0DF400A5248E /* Debug */ = {
			isa = XCBuildConfiguration;
			buildSettings = {
				ALWAYS_EMBED_SWIFT_STANDARD_LIBRARIES = YES;
				BUNDLE_LOADER = "$(TEST_HOST)";
				CODE_SIGN_STYLE = Automatic;
				CURRENT_PROJECT_VERSION = 1;
				DEVELOPMENT_TEAM = 56A4FLT79R;
				GENERATE_INFOPLIST_FILE = YES;
				IPHONEOS_DEPLOYMENT_TARGET = 15.5;
				MARKETING_VERSION = 1.0;
				PRODUCT_BUNDLE_IDENTIFIER = Myapp.testAppTests;
				PRODUCT_NAME = "$(TARGET_NAME)";
				SWIFT_EMIT_LOC_STRINGS = NO;
				SWIFT_VERSION = 5.0;
				TARGETED_DEVICE_FAMILY = "1,2";
				TEST_HOST = "$(BUILT_PRODUCTS_DIR)/testApp.app/testApp";
			};
			name = Debug;
		};
		17F3FC82287F0DF400A5248E /* Release */ = {
			isa = XCBuildConfiguration;
			buildSettings = {
				ALWAYS_EMBED_SWIFT_STANDARD_LIBRARIES = YES;
				BUNDLE_LOADER = "$(TEST_HOST)";
				CODE_SIGN_STYLE = Automatic;
				CURRENT_PROJECT_VERSION = 1;
				DEVELOPMENT_TEAM = 56A4FLT79R;
				GENERATE_INFOPLIST_FILE = YES;
				IPHONEOS_DEPLOYMENT_TARGET = 15.5;
				MARKETING_VERSION = 1.0;
				PRODUCT_BUNDLE_IDENTIFIER = Myapp.testAppTests;
				PRODUCT_NAME = "$(TARGET_NAME)";
				SWIFT_EMIT_LOC_STRINGS = NO;
				SWIFT_VERSION = 5.0;
				TARGETED_DEVICE_FAMILY = "1,2";
				TEST_HOST = "$(BUILT_PRODUCTS_DIR)/testApp.app/testApp";
			};
			name = Release;
		};
		17F3FC84287F0DF400A5248E /* Debug */ = {
			isa = XCBuildConfiguration;
			buildSettings = {
				ALWAYS_EMBED_SWIFT_STANDARD_LIBRARIES = YES;
				CODE_SIGN_STYLE = Automatic;
				CURRENT_PROJECT_VERSION = 1;
				DEVELOPMENT_TEAM = 56A4FLT79R;
				GENERATE_INFOPLIST_FILE = YES;
				MARKETING_VERSION = 1.0;
				PRODUCT_BUNDLE_IDENTIFIER = Myapp.testAppUITests;
				PRODUCT_NAME = "$(TARGET_NAME)";
				SWIFT_EMIT_LOC_STRINGS = NO;
				SWIFT_VERSION = 5.0;
				TARGETED_DEVICE_FAMILY = "1,2";
				TEST_TARGET_NAME = testApp;
			};
			name = Debug;
		};
		17F3FC85287F0DF400A5248E /* Release */ = {
			isa = XCBuildConfiguration;
			buildSettings = {
				ALWAYS_EMBED_SWIFT_STANDARD_LIBRARIES = YES;
				CODE_SIGN_STYLE = Automatic;
				CURRENT_PROJECT_VERSION = 1;
				DEVELOPMENT_TEAM = 56A4FLT79R;
				GENERATE_INFOPLIST_FILE = YES;
				MARKETING_VERSION = 1.0;
				PRODUCT_BUNDLE_IDENTIFIER = Myapp.testAppUITests;
				PRODUCT_NAME = "$(TARGET_NAME)";
				SWIFT_EMIT_LOC_STRINGS = NO;
				SWIFT_VERSION = 5.0;
				TARGETED_DEVICE_FAMILY = "1,2";
				TEST_TARGET_NAME = testApp;
			};
			name = Release;
		};
/* End XCBuildConfiguration section */

/* Begin XCConfigurationList section */
		17F3FC4B287F0DF200A5248E /* Build configuration list for PBXProject "testApp" */ = {
			isa = XCConfigurationList;
			buildConfigurations = (
				17F3FC7B287F0DF400A5248E /* Debug */,
				17F3FC7C287F0DF400A5248E /* Release */,
			);
			defaultConfigurationIsVisible = 0;
			defaultConfigurationName = Release;
		};
		17F3FC7D287F0DF400A5248E /* Build configuration list for PBXNativeTarget "testApp" */ = {
			isa = XCConfigurationList;
			buildConfigurations = (
				17F3FC7E287F0DF400A5248E /* Debug */,
				17F3FC7F287F0DF400A5248E /* Release */,
			);
			defaultConfigurationIsVisible = 0;
			defaultConfigurationName = Release;
		};
		17F3FC80287F0DF400A5248E /* Build configuration list for PBXNativeTarget "testAppTests" */ = {
			isa = XCConfigurationList;
			buildConfigurations = (
				17F3FC81287F0DF400A5248E /* Debug */,
				17F3FC82287F0DF400A5248E /* Release */,
			);
			defaultConfigurationIsVisible = 0;
			defaultConfigurationName = Release;
		};
		17F3FC83287F0DF400A5248E /* Build configuration list for PBXNativeTarget "testAppUITests" */ = {
			isa = XCConfigurationList;
			buildConfigurations = (
				17F3FC84287F0DF400A5248E /* Debug */,
				17F3FC85287F0DF400A5248E /* Release */,
			);
			defaultConfigurationIsVisible = 0;
			defaultConfigurationName = Release;
		};
/* End XCConfigurationList section */

/* Begin XCVersionGroup section */
		17F3FC5C287F0DF200A5248E /* testApp.xcdatamodeld */ = {
			isa = XCVersionGroup;
			children = (
				17F3FC5D287F0DF200A5248E /* testApp.xcdatamodel */,
			);
			currentVersion = 17F3FC5D287F0DF200A5248E /* testApp.xcdatamodel */;
			path = testApp.xcdatamodeld;
			sourceTree = "<group>";
			versionGroupType = wrapper.xcdatamodel;
		};
/* End XCVersionGroup section */
	};
	rootObject = 17F3FC48287F0DF200A5248E /* Project object */;
}
